
Microsoft Visual Studio Solution File, Format Version 12.00
# Visual Studio 15
Project("{FAE04EC0-301F-11D3-BF4B-00C04F79EFBC}") = "Assembly-CSharp", "Assembly-CSharp.csproj", "{9530E278-D8CE-A98B-C62B-BCCFCAD8ACA9}"
EndProject
Project("{FAE04EC0-301F-11D3-BF4B-00C04F79EFBC}") = "Assembly-CSharp-Editor", "Assembly-CSharp-Editor.csproj", "{75CEDD21-AEA7-7FEF-A61D-A1F6B61CE3EB}"
EndProject
Global
	GlobalSection(SolutionConfigurationPlatforms) = preSolution
		Debug|Any CPU = Debug|Any CPU
		Release|Any CPU = Release|Any CPU
	EndGlobalSection
	GlobalSection(ProjectConfigurationPlatforms) = postSolution
		{9530E278-D8CE-A98B-C62B-BCCFCAD8ACA9}.Debug|Any CPU.ActiveCfg = Debug|Any CPU
		{9530E278-D8CE-A98B-C62B-BCCFCAD8ACA9}.Debug|Any CPU.Build.0 = Debug|Any CPU
		{9530E278-D8CE-A98B-C62B-BCCFCAD8ACA9}.Release|Any CPU.ActiveCfg = Release|Any CPU
		{9530E278-D8CE-A98B-C62B-BCCFCAD8ACA9}.Release|Any CPU.Build.0 = Release|Any CPU
		{75CEDD21-AEA7-7FEF-A61D-A1F6B61CE3EB}.Debug|Any CPU.ActiveCfg = Debug|Any CPU
		{75CEDD21-AEA7-7FEF-A61D-A1F6B61CE3EB}.Debug|Any CPU.Build.0 = Debug|Any CPU
		{75CEDD21-AEA7-7FEF-A61D-A1F6B61CE3EB}.Release|Any CPU.ActiveCfg = Release|Any CPU
		{75CEDD21-AEA7-7FEF-A61D-A1F6B61CE3EB}.Release|Any CPU.Build.0 = Release|Any CPU
	EndGlobalSection
	GlobalSection(SolutionProperties) = preSolution
		HideSolutionNode = FALSE
	EndGlobalSection
EndGlobal
